
Microsoft Visual Studio Solution File, Format Version 12.00
# Visual Studio Version 17
VisualStudioVersion = 17.4.33103.184
MinimumVisualStudioVersion = 10.0.40219.1
Project("{9A19103F-16F7-4668-BE54-9A1E7A4F7556}") = "WorldCup_WinForm", "WorldCup_WinForm\WorldCup_WinForm.csproj", "{912C336E-32EA-4DBF-8BB8-201EB86556AA}"
EndProject
Project("{2150E333-8FDC-42A3-9474-1A3956D46DE8}") = "cLibraries", "cLibraries", "{5F1A5230-9C70-40BD-B8E2-2498A49B2A57}"
EndProject
Project("{9A19103F-16F7-4668-BE54-9A1E7A4F7556}") = "Parse_From_File_Library", "Parse_From_File_Library\Parse_From_File_Library.csproj", "{274D56EF-189B-412D-B427-6A6FD5816ED3}"
EndProject
Project("{9A19103F-16F7-4668-BE54-9A1E7A4F7556}") = "NationalTeamAPI", "NationalTeamAPI\NationalTeamAPI.csproj", "{69A13A2A-F537-4789-AD6E-21F9AF913A38}"
EndProject
Project("{9A19103F-16F7-4668-BE54-9A1E7A4F7556}") = "FormatForFile", "FormatForFile\FormatForFile.csproj", "{6813DE42-9047-48F2-AD83-2B2545C15841}"
EndProject
Project("{9A19103F-16F7-4668-BE54-9A1E7A4F7556}") = "ParseNationalCode", "ParseNationalCode\ParseNationalCode.csproj", "{299FE7E6-6C27-4272-A3F3-D0C22BA58489}"
EndProject
Project("{9A19103F-16F7-4668-BE54-9A1E7A4F7556}") = "FavoritePlayersAPI", "FavoritePlayersAPI\FavoritePlayersAPI.csproj", "{C421B3BC-7840-4E43-A1BB-5C3EB797DA7F}"
EndProject
Project("{9A19103F-16F7-4668-BE54-9A1E7A4F7556}") = "CupInfo", "CupInfo\CupInfo.csproj", "{4E00C1CB-5647-4E3B-80C6-38EB8803237E}"
EndProject
Project("{9A19103F-16F7-4668-BE54-9A1E7A4F7556}") = "ImagesSetup", "ImagesSetup\ImagesSetup.csproj", "{4E9ADEE1-326E-47CC-BB4C-41E558F88921}"
EndProject
Project("{9A19103F-16F7-4668-BE54-9A1E7A4F7556}") = "IRepository", "IRepository\IRepository.csproj", "{4F96DC6E-DC05-4209-B73D-DA8D7669E21D}"
EndProject
Project("{9A19103F-16F7-4668-BE54-9A1E7A4F7556}") = "StatsRepository", "StatsRepository\StatsRepository.csproj", "{8575ABCE-C34B-4F70-A169-7597E0EE9402}"
EndProject
Project("{9A19103F-16F7-4668-BE54-9A1E7A4F7556}") = "WPF_WorldCup", "WPF_WorldCup\WPF_WorldCup.csproj", "{7042DD1E-D602-4D65-A200-A9C961713DD7}"
EndProject
Global
	GlobalSection(SolutionConfigurationPlatforms) = preSolution
		Debug|Any CPU = Debug|Any CPU
		Release|Any CPU = Release|Any CPU
	EndGlobalSection
	GlobalSection(ProjectConfigurationPlatforms) = postSolution
		{912C336E-32EA-4DBF-8BB8-201EB86556AA}.Debug|Any CPU.ActiveCfg = Debug|Any CPU
		{912C336E-32EA-4DBF-8BB8-201EB86556AA}.Debug|Any CPU.Build.0 = Debug|Any CPU
		{912C336E-32EA-4DBF-8BB8-201EB86556AA}.Release|Any CPU.ActiveCfg = Release|Any CPU
		{912C336E-32EA-4DBF-8BB8-201EB86556AA}.Release|Any CPU.Build.0 = Release|Any CPU
		{274D56EF-189B-412D-B427-6A6FD5816ED3}.Debug|Any CPU.ActiveCfg = Debug|Any CPU
		{274D56EF-189B-412D-B427-6A6FD5816ED3}.Debug|Any CPU.Build.0 = Debug|Any CPU
		{274D56EF-189B-412D-B427-6A6FD5816ED3}.Release|Any CPU.ActiveCfg = Release|Any CPU
		{274D56EF-189B-412D-B427-6A6FD5816ED3}.Release|Any CPU.Build.0 = Release|Any CPU
		{69A13A2A-F537-4789-AD6E-21F9AF913A38}.Debug|Any CPU.ActiveCfg = Debug|Any CPU
		{69A13A2A-F537-4789-AD6E-21F9AF913A38}.Debug|Any CPU.Build.0 = Debug|Any CPU
		{69A13A2A-F537-4789-AD6E-21F9AF913A38}.Release|Any CPU.ActiveCfg = Release|Any CPU
		{69A13A2A-F537-4789-AD6E-21F9AF913A38}.Release|Any CPU.Build.0 = Release|Any CPU
		{6813DE42-9047-48F2-AD83-2B2545C15841}.Debug|Any CPU.ActiveCfg = Debug|Any CPU
		{6813DE42-9047-48F2-AD83-2B2545C15841}.Debug|Any CPU.Build.0 = Debug|Any CPU
		{6813DE42-9047-48F2-AD83-2B2545C15841}.Release|Any CPU.ActiveCfg = Release|Any CPU
		{6813DE42-9047-48F2-AD83-2B2545C15841}.Release|Any CPU.Build.0 = Release|Any CPU
		{299FE7E6-6C27-4272-A3F3-D0C22BA58489}.Debug|Any CPU.ActiveCfg = Debug|Any CPU
		{299FE7E6-6C27-4272-A3F3-D0C22BA58489}.Debug|Any CPU.Build.0 = Debug|Any CPU
		{299FE7E6-6C27-4272-A3F3-D0C22BA58489}.Release|Any CPU.ActiveCfg = Release|Any CPU
		{299FE7E6-6C27-4272-A3F3-D0C22BA58489}.Release|Any CPU.Build.0 = Release|Any CPU
		{C421B3BC-7840-4E43-A1BB-5C3EB797DA7F}.Debug|Any CPU.ActiveCfg = Debug|Any CPU
		{C421B3BC-7840-4E43-A1BB-5C3EB797DA7F}.Debug|Any CPU.Build.0 = Debug|Any CPU
		{C421B3BC-7840-4E43-A1BB-5C3EB797DA7F}.Release|Any CPU.ActiveCfg = Release|Any CPU
		{C421B3BC-7840-4E43-A1BB-5C3EB797DA7F}.Release|Any CPU.Build.0 = Release|Any CPU
		{4E00C1CB-5647-4E3B-80C6-38EB8803237E}.Debug|Any CPU.ActiveCfg = Debug|Any CPU
		{4E00C1CB-5647-4E3B-80C6-38EB8803237E}.Debug|Any CPU.Build.0 = Debug|Any CPU
		{4E00C1CB-5647-4E3B-80C6-38EB8803237E}.Release|Any CPU.ActiveCfg = Release|Any CPU
		{4E00C1CB-5647-4E3B-80C6-38EB8803237E}.Release|Any CPU.Build.0 = Release|Any CPU
		{4E9ADEE1-326E-47CC-BB4C-41E558F88921}.Debug|Any CPU.ActiveCfg = Debug|Any CPU
		{4E9ADEE1-326E-47CC-BB4C-41E558F88921}.Debug|Any CPU.Build.0 = Debug|Any CPU
		{4E9ADEE1-326E-47CC-BB4C-41E558F88921}.Release|Any CPU.ActiveCfg = Release|Any CPU
		{4E9ADEE1-326E-47CC-BB4C-41E558F88921}.Release|Any CPU.Build.0 = Release|Any CPU
		{4F96DC6E-DC05-4209-B73D-DA8D7669E21D}.Debug|Any CPU.ActiveCfg = Debug|Any CPU
		{4F96DC6E-DC05-4209-B73D-DA8D7669E21D}.Debug|Any CPU.Build.0 = Debug|Any CPU
		{4F96DC6E-DC05-4209-B73D-DA8D7669E21D}.Release|Any CPU.ActiveCfg = Release|Any CPU
		{4F96DC6E-DC05-4209-B73D-DA8D7669E21D}.Release|Any CPU.Build.0 = Release|Any CPU
		{8575ABCE-C34B-4F70-A169-7597E0EE9402}.Debug|Any CPU.ActiveCfg = Debug|Any CPU
		{8575ABCE-C34B-4F70-A169-7597E0EE9402}.Debug|Any CPU.Build.0 = Debug|Any CPU
		{8575ABCE-C34B-4F70-A169-7597E0EE9402}.Release|Any CPU.ActiveCfg = Release|Any CPU
		{8575ABCE-C34B-4F70-A169-7597E0EE9402}.Release|Any CPU.Build.0 = Release|Any CPU
		{7042DD1E-D602-4D65-A200-A9C961713DD7}.Debug|Any CPU.ActiveCfg = Debug|Any CPU
		{7042DD1E-D602-4D65-A200-A9C961713DD7}.Debug|Any CPU.Build.0 = Debug|Any CPU
		{7042DD1E-D602-4D65-A200-A9C961713DD7}.Release|Any CPU.ActiveCfg = Release|Any CPU
		{7042DD1E-D602-4D65-A200-A9C961713DD7}.Release|Any CPU.Build.0 = Release|Any CPU
	EndGlobalSection
	GlobalSection(SolutionProperties) = preSolution
		HideSolutionNode = FALSE
	EndGlobalSection
	GlobalSection(NestedProjects) = preSolution
		{274D56EF-189B-412D-B427-6A6FD5816ED3} = {5F1A5230-9C70-40BD-B8E2-2498A49B2A57}
		{69A13A2A-F537-4789-AD6E-21F9AF913A38} = {5F1A5230-9C70-40BD-B8E2-2498A49B2A57}
		{6813DE42-9047-48F2-AD83-2B2545C15841} = {5F1A5230-9C70-40BD-B8E2-2498A49B2A57}
		{299FE7E6-6C27-4272-A3F3-D0C22BA58489} = {5F1A5230-9C70-40BD-B8E2-2498A49B2A57}
		{C421B3BC-7840-4E43-A1BB-5C3EB797DA7F} = {5F1A5230-9C70-40BD-B8E2-2498A49B2A57}
		{4E00C1CB-5647-4E3B-80C6-38EB8803237E} = {5F1A5230-9C70-40BD-B8E2-2498A49B2A57}
		{4E9ADEE1-326E-47CC-BB4C-41E558F88921} = {5F1A5230-9C70-40BD-B8E2-2498A49B2A57}
		{4F96DC6E-DC05-4209-B73D-DA8D7669E21D} = {5F1A5230-9C70-40BD-B8E2-2498A49B2A57}
		{8575ABCE-C34B-4F70-A169-7597E0EE9402} = {5F1A5230-9C70-40BD-B8E2-2498A49B2A57}
	EndGlobalSection
	GlobalSection(ExtensibilityGlobals) = postSolution
		SolutionGuid = {F1242850-EBE8-4DA0-873B-E15C1E2D7D33}
	EndGlobalSection
EndGlobal
